
Microsoft Visual Studio Solution File, Format Version 12.00
# Visual Studio Version 16
VisualStudioVersion = 16.0.29920.165
MinimumVisualStudioVersion = 10.0.40219.1
Project("{FAE04EC0-301F-11D3-BF4B-00C04F79EFBC}") = "Palindrome_02_03_21", "Palindrome_02_03_21.csproj", "{9B52B6AA-1207-4374-844E-DC9C5413E9FD}"
EndProject
Global
	GlobalSection(SolutionConfigurationPlatforms) = preSolution
		Debug|Any CPU = Debug|Any CPU
		Release|Any CPU = Release|Any CPU
	EndGlobalSection
	GlobalSection(ProjectConfigurationPlatforms) = postSolution
		{9B52B6AA-1207-4374-844E-DC9C5413E9FD}.Debug|Any CPU.ActiveCfg = Debug|Any CPU
		{9B52B6AA-1207-4374-844E-DC9C5413E9FD}.Debug|Any CPU.Build.0 = Debug|Any CPU
		{9B52B6AA-1207-4374-844E-DC9C5413E9FD}.Release|Any CPU.ActiveCfg = Release|Any CPU
		{9B52B6AA-1207-4374-844E-DC9C5413E9FD}.Release|Any CPU.Build.0 = Release|Any CPU
	EndGlobalSection
	GlobalSection(SolutionProperties) = preSolution
		HideSolutionNode = FALSE
	EndGlobalSection
	GlobalSection(ExtensibilityGlobals) = postSolution
		SolutionGuid = {77F1E24F-B63C-4573-8EF3-C31A1092BC5A}
	EndGlobalSection
EndGlobal
